
Microsoft Visual Studio Solution File, Format Version 12.00
# Visual Studio 2012
Project("{8BC9CEB8-8B4A-11D0-8D11-00A0C91BC942}") = "数据结构任务08", "数据结构任务08\数据结构任务08.vcxproj", "{7C8C7878-8BA0-41F8-86B8-9F69764FC650}"
EndProject
Global
	GlobalSection(SolutionConfigurationPlatforms) = preSolution
		Debug|Win32 = Debug|Win32
		Release|Win32 = Release|Win32
	EndGlobalSection
	GlobalSection(ProjectConfigurationPlatforms) = postSolution
		{7C8C7878-8BA0-41F8-86B8-9F69764FC650}.Debug|Win32.ActiveCfg = Debug|Win32
		{7C8C7878-8BA0-41F8-86B8-9F69764FC650}.Debug|Win32.Build.0 = Debug|Win32
		{7C8C7878-8BA0-41F8-86B8-9F69764FC650}.Release|Win32.ActiveCfg = Release|Win32
		{7C8C7878-8BA0-41F8-86B8-9F69764FC650}.Release|Win32.Build.0 = Release|Win32
	EndGlobalSection
	GlobalSection(SolutionProperties) = preSolution
		HideSolutionNode = FALSE
	EndGlobalSection
EndGlobal
