
Microsoft Visual Studio Solution File, Format Version 12.00
# Visual Studio 2012
Project("{8BC9CEB8-8B4A-11D0-8D11-00A0C91BC942}") = "实验07 内存管理(2)", "实验07 内存管理(2)\实验07 内存管理(2).vcxproj", "{E7B420D1-B1E0-41A8-8F49-6860D2CD4025}"
EndProject
Global
	GlobalSection(SolutionConfigurationPlatforms) = preSolution
		Debug|Win32 = Debug|Win32
		Release|Win32 = Release|Win32
	EndGlobalSection
	GlobalSection(ProjectConfigurationPlatforms) = postSolution
		{E7B420D1-B1E0-41A8-8F49-6860D2CD4025}.Debug|Win32.ActiveCfg = Debug|Win32
		{E7B420D1-B1E0-41A8-8F49-6860D2CD4025}.Debug|Win32.Build.0 = Debug|Win32
		{E7B420D1-B1E0-41A8-8F49-6860D2CD4025}.Release|Win32.ActiveCfg = Release|Win32
		{E7B420D1-B1E0-41A8-8F49-6860D2CD4025}.Release|Win32.Build.0 = Release|Win32
	EndGlobalSection
	GlobalSection(SolutionProperties) = preSolution
		HideSolutionNode = FALSE
	EndGlobalSection
EndGlobal
